
Microsoft Visual Studio Solution File, Format Version 12.00
# Visual Studio 2015
Project("{FAE04EC0-301F-11D3-BF4B-00C04F79EFBC}") = "Empini", "Empini.csproj", "{EB4BFB9A-C543-388F-7896-DCD53AFE3A70}"
EndProject
Project("{FAE04EC0-301F-11D3-BF4B-00C04F79EFBC}") = "Empini.Editor", "Empini.Editor.csproj", "{C91EE1C4-3448-86E3-1D4F-91E654D66D38}"
EndProject
Global
	GlobalSection(SolutionConfigurationPlatforms) = preSolution
		Debug|Any CPU = Debug|Any CPU
		Release|Any CPU = Release|Any CPU
	EndGlobalSection
	GlobalSection(ProjectConfigurationPlatforms) = postSolution
		{EB4BFB9A-C543-388F-7896-DCD53AFE3A70}.Debug|Any CPU.ActiveCfg = Debug|Any CPU
		{EB4BFB9A-C543-388F-7896-DCD53AFE3A70}.Debug|Any CPU.Build.0 = Debug|Any CPU
		{EB4BFB9A-C543-388F-7896-DCD53AFE3A70}.Release|Any CPU.ActiveCfg = Release|Any CPU
		{EB4BFB9A-C543-388F-7896-DCD53AFE3A70}.Release|Any CPU.Build.0 = Release|Any CPU
		{C91EE1C4-3448-86E3-1D4F-91E654D66D38}.Debug|Any CPU.ActiveCfg = Debug|Any CPU
		{C91EE1C4-3448-86E3-1D4F-91E654D66D38}.Debug|Any CPU.Build.0 = Debug|Any CPU
		{C91EE1C4-3448-86E3-1D4F-91E654D66D38}.Release|Any CPU.ActiveCfg = Release|Any CPU
		{C91EE1C4-3448-86E3-1D4F-91E654D66D38}.Release|Any CPU.Build.0 = Release|Any CPU
	EndGlobalSection
	GlobalSection(SolutionProperties) = preSolution
		HideSolutionNode = FALSE
	EndGlobalSection
EndGlobal
