
Microsoft Visual Studio Solution File, Format Version 12.00
# Visual Studio 2015
Project("{FAE04EC0-301F-11D3-BF4B-00C04F79EFBC}") = "Empini.CSharp", "Empini.CSharp.csproj", "{B2D394BF-B622-29E0-B935-81D79AEFD47F}"
EndProject
Project("{FAE04EC0-301F-11D3-BF4B-00C04F79EFBC}") = "Empini.CSharp.Editor", "Empini.CSharp.Editor.csproj", "{007A5531-156E-21CE-05DF-65342E9194DF}"
EndProject
Global
	GlobalSection(SolutionConfigurationPlatforms) = preSolution
		Debug|Any CPU = Debug|Any CPU
		Release|Any CPU = Release|Any CPU
	EndGlobalSection
	GlobalSection(ProjectConfigurationPlatforms) = postSolution
		{B2D394BF-B622-29E0-B935-81D79AEFD47F}.Debug|Any CPU.ActiveCfg = Debug|Any CPU
		{B2D394BF-B622-29E0-B935-81D79AEFD47F}.Debug|Any CPU.Build.0 = Debug|Any CPU
		{B2D394BF-B622-29E0-B935-81D79AEFD47F}.Release|Any CPU.ActiveCfg = Release|Any CPU
		{B2D394BF-B622-29E0-B935-81D79AEFD47F}.Release|Any CPU.Build.0 = Release|Any CPU
		{007A5531-156E-21CE-05DF-65342E9194DF}.Debug|Any CPU.ActiveCfg = Debug|Any CPU
		{007A5531-156E-21CE-05DF-65342E9194DF}.Debug|Any CPU.Build.0 = Debug|Any CPU
		{007A5531-156E-21CE-05DF-65342E9194DF}.Release|Any CPU.ActiveCfg = Release|Any CPU
		{007A5531-156E-21CE-05DF-65342E9194DF}.Release|Any CPU.Build.0 = Release|Any CPU
	EndGlobalSection
	GlobalSection(SolutionProperties) = preSolution
		HideSolutionNode = FALSE
	EndGlobalSection
EndGlobal
