
Microsoft Visual Studio Solution File, Format Version 12.00
# Visual Studio 2015
Project("{FAE04EC0-301F-11D3-BF4B-00C04F79EFBC}") = "Empino.CSharp", "Empino.CSharp.csproj", "{FADF7051-218A-B4F8-BB10-06E98731FF22}"
EndProject
Project("{FAE04EC0-301F-11D3-BF4B-00C04F79EFBC}") = "Empino.CSharp.Editor", "Empino.CSharp.Editor.csproj", "{8E3E675F-1F40-3B9C-758B-4B8CD45416F9}"
EndProject
Global
	GlobalSection(SolutionConfigurationPlatforms) = preSolution
		Debug|Any CPU = Debug|Any CPU
		Release|Any CPU = Release|Any CPU
	EndGlobalSection
	GlobalSection(ProjectConfigurationPlatforms) = postSolution
		{FADF7051-218A-B4F8-BB10-06E98731FF22}.Debug|Any CPU.ActiveCfg = Debug|Any CPU
		{FADF7051-218A-B4F8-BB10-06E98731FF22}.Debug|Any CPU.Build.0 = Debug|Any CPU
		{FADF7051-218A-B4F8-BB10-06E98731FF22}.Release|Any CPU.ActiveCfg = Release|Any CPU
		{FADF7051-218A-B4F8-BB10-06E98731FF22}.Release|Any CPU.Build.0 = Release|Any CPU
		{8E3E675F-1F40-3B9C-758B-4B8CD45416F9}.Debug|Any CPU.ActiveCfg = Debug|Any CPU
		{8E3E675F-1F40-3B9C-758B-4B8CD45416F9}.Debug|Any CPU.Build.0 = Debug|Any CPU
		{8E3E675F-1F40-3B9C-758B-4B8CD45416F9}.Release|Any CPU.ActiveCfg = Release|Any CPU
		{8E3E675F-1F40-3B9C-758B-4B8CD45416F9}.Release|Any CPU.Build.0 = Release|Any CPU
	EndGlobalSection
	GlobalSection(SolutionProperties) = preSolution
		HideSolutionNode = FALSE
	EndGlobalSection
EndGlobal
